
Microsoft Visual Studio Solution File, Format Version 12.00
# Visual Studio Version 16
VisualStudioVersion = 16.0.32802.440
MinimumVisualStudioVersion = 10.0.40219.1
Project("{FAE04EC0-301F-11D3-BF4B-00C04F79EFBC}") = "TESTE", "TESTE\TESTE.csproj", "{657DECB8-D6EE-4708-9EF3-5F2E40520D10}"
EndProject
Global
	GlobalSection(SolutionConfigurationPlatforms) = preSolution
		Debug|Any CPU = Debug|Any CPU
		Release|Any CPU = Release|Any CPU
	EndGlobalSection
	GlobalSection(ProjectConfigurationPlatforms) = postSolution
		{657DECB8-D6EE-4708-9EF3-5F2E40520D10}.Debug|Any CPU.ActiveCfg = Debug|Any CPU
		{657DECB8-D6EE-4708-9EF3-5F2E40520D10}.Debug|Any CPU.Build.0 = Debug|Any CPU
		{657DECB8-D6EE-4708-9EF3-5F2E40520D10}.Release|Any CPU.ActiveCfg = Release|Any CPU
		{657DECB8-D6EE-4708-9EF3-5F2E40520D10}.Release|Any CPU.Build.0 = Release|Any CPU
	EndGlobalSection
	GlobalSection(SolutionProperties) = preSolution
		HideSolutionNode = FALSE
	EndGlobalSection
	GlobalSection(ExtensibilityGlobals) = postSolution
		SolutionGuid = {C5395F1A-CABC-44E0-9FE0-DD5A406891A7}
	EndGlobalSection
EndGlobal
